# This file is autogenerated, do not edit; changes may be undone by the next 'dep ensure'.


[[projects]]
  digest = "1:c39ad6e570c60f73dc2dba9611dcbb6ad33b92222bbef42954be6ac617f3ea7f"
  name = "github.com/clbanning/mxj"
  packages = [
    ".",
    "x2j",
  ]
  pruneopts = "UT"
  revision = "be7b154d093db491c61285049f46770a9075bc15"
  version = "v1.8.2"

[solve-meta]
  analyzer-name = "dep"
  analyzer-version = 1
  input-imports = [
    "github.com/clbanning/mxj",
    "github.com/clbanning/mxj/x2j",
  ]
  solver-name = "gps-cdcl"
  solver-version = 1
